// !$*UTF8*$!
{
	archiveVersion = 1;
	classes = {
	};
	objectVersion = 56;
	objects = {

/* Begin PBXBuildFile section */
		602BD2F92A602A3600F9E345 /* ReactionModifier.swift in Sources */ = {isa = PBXBuildFile; fileRef = 602BD2F82A602A3600F9E345 /* ReactionModifier.swift */; };
		602BD3032A6456BF00F9E345 /* ReactionView.swift in Sources */ = {isa = PBXBuildFile; fileRef = 602BD3022A6456BF00F9E345 /* ReactionView.swift */; };
		602BD3092A67E86600F9E345 /* FinishModalView.swift in Sources */ = {isa = PBXBuildFile; fileRef = 602BD3082A67E86600F9E345 /* FinishModalView.swift */; };
		60EB42792A5E437C0030286C /* TimerView.swift in Sources */ = {isa = PBXBuildFile; fileRef = 60EB42782A5E437C0030286C /* TimerView.swift */; };
		60EB427B2A5E44880030286C /* UIScreen+Extension.swift in Sources */ = {isa = PBXBuildFile; fileRef = 60EB427A2A5E44880030286C /* UIScreen+Extension.swift */; };
		60EB42802A5ED78A0030286C /* TimerModalView.swift in Sources */ = {isa = PBXBuildFile; fileRef = 60EB427F2A5ED78A0030286C /* TimerModalView.swift */; };
		60EB42822A5ED99E0030286C /* TimerModel.swift in Sources */ = {isa = PBXBuildFile; fileRef = 60EB42812A5ED99E0030286C /* TimerModel.swift */; };
		AA9741E72A6EBF8F0027DE48 /* Ball.swift in Sources */ = {isa = PBXBuildFile; fileRef = AA9741E62A6EBF8F0027DE48 /* Ball.swift */; };
		AA9741E92A6EBFAA0027DE48 /* GyroscopeManager.swift in Sources */ = {isa = PBXBuildFile; fileRef = AA9741E82A6EBFAA0027DE48 /* GyroscopeManager.swift */; };
		AA9741EB2A6EBFCE0027DE48 /* BallContainerView.swift in Sources */ = {isa = PBXBuildFile; fileRef = AA9741EA2A6EBFCE0027DE48 /* BallContainerView.swift */; };
		AA9741ED2A6EC0290027DE48 /* Content_test.swift in Sources */ = {isa = PBXBuildFile; fileRef = AA9741EC2A6EC0290027DE48 /* Content_test.swift */; };
		B81CFC862A6901B20012FA5A /* RealTimeGame+GKMatchDelegate.swift in Sources */ = {isa = PBXBuildFile; fileRef = B81CFC852A6901B20012FA5A /* RealTimeGame+GKMatchDelegate.swift */; };
		B87998522A5BACBE00167597 /* QAQAApp.swift in Sources */ = {isa = PBXBuildFile; fileRef = B87998512A5BACBE00167597 /* QAQAApp.swift */; };
		B87998542A5BACBE00167597 /* HomeView.swift in Sources */ = {isa = PBXBuildFile; fileRef = B87998532A5BACBE00167597 /* HomeView.swift */; };
		B87998562A5BACBF00167597 /* Assets.xcassets in Resources */ = {isa = PBXBuildFile; fileRef = B87998552A5BACBF00167597 /* Assets.xcassets */; };
		B87998592A5BACBF00167597 /* Preview Assets.xcassets in Resources */ = {isa = PBXBuildFile; fileRef = B87998582A5BACBF00167597 /* Preview Assets.xcassets */; };
		B8B506832A5CF4FA00B3EAED /* HintViewModel.swift in Sources */ = {isa = PBXBuildFile; fileRef = B8B506822A5CF4FA00B3EAED /* HintViewModel.swift */; };
		B8B5068A2A5D00BE00B3EAED /* RealTimeGame.swift in Sources */ = {isa = PBXBuildFile; fileRef = B8B506892A5D00BE00B3EAED /* RealTimeGame.swift */; };
		B8B5068D2A5D019900B3EAED /* RealTimeGame+Friends.swift in Sources */ = {isa = PBXBuildFile; fileRef = B8B5068C2A5D019900B3EAED /* RealTimeGame+Friends.swift */; };
		B8B5068F2A5D01C700B3EAED /* RealTimeGame+GKMatchmakerViewControllerDelegate.swift in Sources */ = {isa = PBXBuildFile; fileRef = B8B5068E2A5D01C700B3EAED /* RealTimeGame+GKMatchmakerViewControllerDelegate.swift */; };
		B8B506912A5D01F000B3EAED /* RealTimeGame+GKGameCenterViewController.swift in Sources */ = {isa = PBXBuildFile; fileRef = B8B506902A5D01F000B3EAED /* RealTimeGame+GKGameCenterViewController.swift */; };
		B8B506952A5D2B2600B3EAED /* QuestionView.swift in Sources */ = {isa = PBXBuildFile; fileRef = B8B506942A5D2B2600B3EAED /* QuestionView.swift */; };
		B8B506992A5E2C9500B3EAED /* Color+Extension.swift in Sources */ = {isa = PBXBuildFile; fileRef = B8B506982A5E2C9500B3EAED /* Color+Extension.swift */; };
		B8B5069B2A5E3C1C00B3EAED /* RealTimeGame+GKLocalPlayerListener.swift in Sources */ = {isa = PBXBuildFile; fileRef = B8B5069A2A5E3C1C00B3EAED /* RealTimeGame+GKLocalPlayerListener.swift */; };
		B8B5069D2A5E42D600B3EAED /* RealTimeGame+MatchData.swift in Sources */ = {isa = PBXBuildFile; fileRef = B8B5069C2A5E42D600B3EAED /* RealTimeGame+MatchData.swift */; };
		B8F5747F2A63B4860028A46A /* OutroInfoView.swift in Sources */ = {isa = PBXBuildFile; fileRef = B8F5747E2A63B4860028A46A /* OutroInfoView.swift */; };
		B8F574812A63BAB90028A46A /* OutroEndingView.swift in Sources */ = {isa = PBXBuildFile; fileRef = B8F574802A63BAB90028A46A /* OutroEndingView.swift */; };
		B8F5748C2A64C8D30028A46A /* OutroCardModel.swift in Sources */ = {isa = PBXBuildFile; fileRef = B8F5748B2A64C8D30028A46A /* OutroCardModel.swift */; };
		B8F574902A64DDF80028A46A /* TopicUserModel.swift in Sources */ = {isa = PBXBuildFile; fileRef = B8F5748F2A64DDF80028A46A /* TopicUserModel.swift */; };
		C59F5A072A60F3B6007608AD /* HintModel.swift in Sources */ = {isa = PBXBuildFile; fileRef = C59F5A062A60F3B6007608AD /* HintModel.swift */; };
		C59F5A092A60F657007608AD /* HintState.swift in Sources */ = {isa = PBXBuildFile; fileRef = C59F5A082A60F657007608AD /* HintState.swift */; };
		C5AADBD12A73B7FA002FD2D9 /* OutroEndingViewModel.swift in Sources */ = {isa = PBXBuildFile; fileRef = C5AADBD02A73B7FA002FD2D9 /* OutroEndingViewModel.swift */; };
		C5AADBD42A750DF1002FD2D9 /* IntroResultView.swift in Sources */ = {isa = PBXBuildFile; fileRef = C5AADBD32A750DF1002FD2D9 /* IntroResultView.swift */; };
		C5AADBD72A764DDB002FD2D9 /* BeginQuestionModalView.swift in Sources */ = {isa = PBXBuildFile; fileRef = C5AADBD62A764DDB002FD2D9 /* BeginQuestionModalView.swift */; };
		C5AADBD92A77510F002FD2D9 /* BeginIntroModalView.swift in Sources */ = {isa = PBXBuildFile; fileRef = C5AADBD82A77510F002FD2D9 /* BeginIntroModalView.swift */; };
		C5C282A82A7163410027416D /* ReactionSoundViewModel.swift in Sources */ = {isa = PBXBuildFile; fileRef = C5C282A72A7163410027416D /* ReactionSoundViewModel.swift */; };
		C5C282AB2A71641C0027416D /* ReactionSoundModel.swift in Sources */ = {isa = PBXBuildFile; fileRef = C5C282AA2A71641C0027416D /* ReactionSoundModel.swift */; };
		C5C282AD2A7165060027416D /* eva.mp3 in Resources */ = {isa = PBXBuildFile; fileRef = C5C282AC2A7165060027416D /* eva.mp3 */; };
		C5C282AF2A71691A0027416D /* eva2.mp3 in Resources */ = {isa = PBXBuildFile; fileRef = C5C282AE2A71691A0027416D /* eva2.mp3 */; };
		C5C282B12A7169340027416D /* eva3.mp3 in Resources */ = {isa = PBXBuildFile; fileRef = C5C282B02A7169340027416D /* eva3.mp3 */; };
		C5C282B32A7169430027416D /* eva4.mp3 in Resources */ = {isa = PBXBuildFile; fileRef = C5C282B22A7169430027416D /* eva4.mp3 */; };
		C5C282B52A71695D0027416D /* eva5.mp3 in Resources */ = {isa = PBXBuildFile; fileRef = C5C282B42A71695D0027416D /* eva5.mp3 */; };
		C5C282B72A71696E0027416D /* eva6.mp3 in Resources */ = {isa = PBXBuildFile; fileRef = C5C282B62A71696E0027416D /* eva6.mp3 */; };
		C5C282C12A71F7820027416D /* kingjung5.mp3 in Resources */ = {isa = PBXBuildFile; fileRef = C5C282B82A71F7820027416D /* kingjung5.mp3 */; };
		C5C282C22A71F7820027416D /* kingjung7.mp3 in Resources */ = {isa = PBXBuildFile; fileRef = C5C282B92A71F7820027416D /* kingjung7.mp3 */; };
		C5C282C32A71F7820027416D /* kingjung3.mp3 in Resources */ = {isa = PBXBuildFile; fileRef = C5C282BA2A71F7820027416D /* kingjung3.mp3 */; };
		C5C282C42A71F7820027416D /* kingjung6.mp3 in Resources */ = {isa = PBXBuildFile; fileRef = C5C282BB2A71F7820027416D /* kingjung6.mp3 */; };
		C5C282C52A71F7820027416D /* kingjung4.mp3 in Resources */ = {isa = PBXBuildFile; fileRef = C5C282BC2A71F7820027416D /* kingjung4.mp3 */; };
		C5C282C62A71F7820027416D /* kingjung8.mp3 in Resources */ = {isa = PBXBuildFile; fileRef = C5C282BD2A71F7820027416D /* kingjung8.mp3 */; };
		C5C282C72A71F7820027416D /* kingjung9.mp3 in Resources */ = {isa = PBXBuildFile; fileRef = C5C282BE2A71F7820027416D /* kingjung9.mp3 */; };
		C5C282C82A71F7820027416D /* kingjung2.mp3 in Resources */ = {isa = PBXBuildFile; fileRef = C5C282BF2A71F7820027416D /* kingjung2.mp3 */; };
		C5C282C92A71F7820027416D /* kingjung10.mp3 in Resources */ = {isa = PBXBuildFile; fileRef = C5C282C02A71F7820027416D /* kingjung10.mp3 */; };
		C5C282CC2A73465F0027416D /* OutroResultCardView.swift in Sources */ = {isa = PBXBuildFile; fileRef = C5C282CB2A73465F0027416D /* OutroResultCardView.swift */; };
		C5C61B992A5E583C00FB8854 /* HintView.swift in Sources */ = {isa = PBXBuildFile; fileRef = C5C61B982A5E583C00FB8854 /* HintView.swift */; };
		C5C7E7F02A6F7134000A3CCC /* BMJUAOTF.otf in Resources */ = {isa = PBXBuildFile; fileRef = C5C7E7EF2A6F7134000A3CCC /* BMJUAOTF.otf */; };
		C5C7E7F22A70B017000A3CCC /* ReactionLottieView.swift in Sources */ = {isa = PBXBuildFile; fileRef = C5C7E7F12A70B017000A3CCC /* ReactionLottieView.swift */; };
		C5C7E7F52A70BD5A000A3CCC /* Lottie in Frameworks */ = {isa = PBXBuildFile; productRef = C5C7E7F42A70BD5A000A3CCC /* Lottie */; };
		C5C7E7FD2A70C987000A3CCC /* badReactionLottie.json in Resources */ = {isa = PBXBuildFile; fileRef = C5C7E7FC2A70C987000A3CCC /* badReactionLottie.json */; };
		C5C7E7FF2A70C98D000A3CCC /* goodReactionLottie.json in Resources */ = {isa = PBXBuildFile; fileRef = C5C7E7FE2A70C98D000A3CCC /* goodReactionLottie.json */; };
		C5C7E8062A715FF8000A3CCC /* kingjung.mp3 in Resources */ = {isa = PBXBuildFile; fileRef = C5C7E8052A715FF8000A3CCC /* kingjung.mp3 */; };
/* End PBXBuildFile section */

/* Begin PBXFileReference section */
		602BD2F82A602A3600F9E345 /* ReactionModifier.swift */ = {isa = PBXFileReference; lastKnownFileType = sourcecode.swift; path = ReactionModifier.swift; sourceTree = "<group>"; };
		602BD3022A6456BF00F9E345 /* ReactionView.swift */ = {isa = PBXFileReference; lastKnownFileType = sourcecode.swift; path = ReactionView.swift; sourceTree = "<group>"; };
		602BD3082A67E86600F9E345 /* FinishModalView.swift */ = {isa = PBXFileReference; lastKnownFileType = sourcecode.swift; path = FinishModalView.swift; sourceTree = "<group>"; };
		60EB42782A5E437C0030286C /* TimerView.swift */ = {isa = PBXFileReference; lastKnownFileType = sourcecode.swift; path = TimerView.swift; sourceTree = "<group>"; };
		60EB427A2A5E44880030286C /* UIScreen+Extension.swift */ = {isa = PBXFileReference; lastKnownFileType = sourcecode.swift; path = "UIScreen+Extension.swift"; sourceTree = "<group>"; };
		60EB427F2A5ED78A0030286C /* TimerModalView.swift */ = {isa = PBXFileReference; lastKnownFileType = sourcecode.swift; path = TimerModalView.swift; sourceTree = "<group>"; };
		60EB42812A5ED99E0030286C /* TimerModel.swift */ = {isa = PBXFileReference; lastKnownFileType = sourcecode.swift; path = TimerModel.swift; sourceTree = "<group>"; };
		AA9741E62A6EBF8F0027DE48 /* Ball.swift */ = {isa = PBXFileReference; lastKnownFileType = sourcecode.swift; path = Ball.swift; sourceTree = "<group>"; };
		AA9741E82A6EBFAA0027DE48 /* GyroscopeManager.swift */ = {isa = PBXFileReference; lastKnownFileType = sourcecode.swift; path = GyroscopeManager.swift; sourceTree = "<group>"; };
		AA9741EA2A6EBFCE0027DE48 /* BallContainerView.swift */ = {isa = PBXFileReference; lastKnownFileType = sourcecode.swift; path = BallContainerView.swift; sourceTree = "<group>"; };
		AA9741EC2A6EC0290027DE48 /* Content_test.swift */ = {isa = PBXFileReference; lastKnownFileType = sourcecode.swift; path = Content_test.swift; sourceTree = "<group>"; };
		B81CFC852A6901B20012FA5A /* RealTimeGame+GKMatchDelegate.swift */ = {isa = PBXFileReference; fileEncoding = 4; lastKnownFileType = sourcecode.swift; path = "RealTimeGame+GKMatchDelegate.swift"; sourceTree = "<group>"; };
		B879984E2A5BACBE00167597 /* QAQA.app */ = {isa = PBXFileReference; explicitFileType = wrapper.application; includeInIndex = 0; path = QAQA.app; sourceTree = BUILT_PRODUCTS_DIR; };
		B87998512A5BACBE00167597 /* QAQAApp.swift */ = {isa = PBXFileReference; lastKnownFileType = sourcecode.swift; path = QAQAApp.swift; sourceTree = "<group>"; };
		B87998532A5BACBE00167597 /* HomeView.swift */ = {isa = PBXFileReference; lastKnownFileType = sourcecode.swift; name = HomeView.swift; path = Home/HomeView.swift; sourceTree = "<group>"; };
		B87998552A5BACBF00167597 /* Assets.xcassets */ = {isa = PBXFileReference; lastKnownFileType = folder.assetcatalog; path = Assets.xcassets; sourceTree = "<group>"; };
		B87998582A5BACBF00167597 /* Preview Assets.xcassets */ = {isa = PBXFileReference; lastKnownFileType = folder.assetcatalog; path = "Preview Assets.xcassets"; sourceTree = "<group>"; };
		B8B506822A5CF4FA00B3EAED /* HintViewModel.swift */ = {isa = PBXFileReference; lastKnownFileType = sourcecode.swift; path = HintViewModel.swift; sourceTree = "<group>"; };
		B8B506882A5CFDAA00B3EAED /* QAQA.entitlements */ = {isa = PBXFileReference; lastKnownFileType = text.plist.entitlements; path = QAQA.entitlements; sourceTree = "<group>"; };
		B8B506892A5D00BE00B3EAED /* RealTimeGame.swift */ = {isa = PBXFileReference; lastKnownFileType = sourcecode.swift; path = RealTimeGame.swift; sourceTree = "<group>"; };
		B8B5068C2A5D019900B3EAED /* RealTimeGame+Friends.swift */ = {isa = PBXFileReference; lastKnownFileType = sourcecode.swift; path = "RealTimeGame+Friends.swift"; sourceTree = "<group>"; };
		B8B5068E2A5D01C700B3EAED /* RealTimeGame+GKMatchmakerViewControllerDelegate.swift */ = {isa = PBXFileReference; lastKnownFileType = sourcecode.swift; path = "RealTimeGame+GKMatchmakerViewControllerDelegate.swift"; sourceTree = "<group>"; };
		B8B506902A5D01F000B3EAED /* RealTimeGame+GKGameCenterViewController.swift */ = {isa = PBXFileReference; lastKnownFileType = sourcecode.swift; path = "RealTimeGame+GKGameCenterViewController.swift"; sourceTree = "<group>"; };
		B8B506942A5D2B2600B3EAED /* QuestionView.swift */ = {isa = PBXFileReference; lastKnownFileType = sourcecode.swift; path = QuestionView.swift; sourceTree = "<group>"; };
		B8B506982A5E2C9500B3EAED /* Color+Extension.swift */ = {isa = PBXFileReference; lastKnownFileType = sourcecode.swift; path = "Color+Extension.swift"; sourceTree = "<group>"; };
		B8B5069A2A5E3C1C00B3EAED /* RealTimeGame+GKLocalPlayerListener.swift */ = {isa = PBXFileReference; lastKnownFileType = sourcecode.swift; path = "RealTimeGame+GKLocalPlayerListener.swift"; sourceTree = "<group>"; };
		B8B5069C2A5E42D600B3EAED /* RealTimeGame+MatchData.swift */ = {isa = PBXFileReference; lastKnownFileType = sourcecode.swift; path = "RealTimeGame+MatchData.swift"; sourceTree = "<group>"; };
		B8F5747E2A63B4860028A46A /* OutroInfoView.swift */ = {isa = PBXFileReference; lastKnownFileType = sourcecode.swift; path = OutroInfoView.swift; sourceTree = "<group>"; };
		B8F574802A63BAB90028A46A /* OutroEndingView.swift */ = {isa = PBXFileReference; lastKnownFileType = sourcecode.swift; path = OutroEndingView.swift; sourceTree = "<group>"; };
		B8F5748B2A64C8D30028A46A /* OutroCardModel.swift */ = {isa = PBXFileReference; lastKnownFileType = sourcecode.swift; path = OutroCardModel.swift; sourceTree = "<group>"; };
		B8F5748F2A64DDF80028A46A /* TopicUserModel.swift */ = {isa = PBXFileReference; lastKnownFileType = sourcecode.swift; path = TopicUserModel.swift; sourceTree = "<group>"; };
		C59F5A062A60F3B6007608AD /* HintModel.swift */ = {isa = PBXFileReference; lastKnownFileType = sourcecode.swift; path = HintModel.swift; sourceTree = "<group>"; };
		C59F5A082A60F657007608AD /* HintState.swift */ = {isa = PBXFileReference; lastKnownFileType = sourcecode.swift; path = HintState.swift; sourceTree = "<group>"; };
		C5AADBD02A73B7FA002FD2D9 /* OutroEndingViewModel.swift */ = {isa = PBXFileReference; lastKnownFileType = sourcecode.swift; path = OutroEndingViewModel.swift; sourceTree = "<group>"; };
		C5AADBD32A750DF1002FD2D9 /* IntroResultView.swift */ = {isa = PBXFileReference; lastKnownFileType = sourcecode.swift; path = IntroResultView.swift; sourceTree = "<group>"; };
		C5AADBD62A764DDB002FD2D9 /* BeginQuestionModalView.swift */ = {isa = PBXFileReference; lastKnownFileType = sourcecode.swift; path = BeginQuestionModalView.swift; sourceTree = "<group>"; };
		C5AADBD82A77510F002FD2D9 /* BeginIntroModalView.swift */ = {isa = PBXFileReference; lastKnownFileType = sourcecode.swift; path = BeginIntroModalView.swift; sourceTree = "<group>"; };
		C5C282A72A7163410027416D /* ReactionSoundViewModel.swift */ = {isa = PBXFileReference; lastKnownFileType = sourcecode.swift; path = ReactionSoundViewModel.swift; sourceTree = "<group>"; };
		C5C282AA2A71641C0027416D /* ReactionSoundModel.swift */ = {isa = PBXFileReference; lastKnownFileType = sourcecode.swift; path = ReactionSoundModel.swift; sourceTree = "<group>"; };
		C5C282AC2A7165060027416D /* eva.mp3 */ = {isa = PBXFileReference; lastKnownFileType = audio.mp3; path = eva.mp3; sourceTree = "<group>"; };
		C5C282AE2A71691A0027416D /* eva2.mp3 */ = {isa = PBXFileReference; lastKnownFileType = audio.mp3; path = eva2.mp3; sourceTree = "<group>"; };
		C5C282B02A7169340027416D /* eva3.mp3 */ = {isa = PBXFileReference; lastKnownFileType = audio.mp3; path = eva3.mp3; sourceTree = "<group>"; };
		C5C282B22A7169430027416D /* eva4.mp3 */ = {isa = PBXFileReference; lastKnownFileType = audio.mp3; path = eva4.mp3; sourceTree = "<group>"; };
		C5C282B42A71695D0027416D /* eva5.mp3 */ = {isa = PBXFileReference; lastKnownFileType = audio.mp3; path = eva5.mp3; sourceTree = "<group>"; };
		C5C282B62A71696E0027416D /* eva6.mp3 */ = {isa = PBXFileReference; lastKnownFileType = audio.mp3; path = eva6.mp3; sourceTree = "<group>"; };
		C5C282B82A71F7820027416D /* kingjung5.mp3 */ = {isa = PBXFileReference; lastKnownFileType = audio.mp3; path = kingjung5.mp3; sourceTree = "<group>"; };
		C5C282B92A71F7820027416D /* kingjung7.mp3 */ = {isa = PBXFileReference; lastKnownFileType = audio.mp3; path = kingjung7.mp3; sourceTree = "<group>"; };
		C5C282BA2A71F7820027416D /* kingjung3.mp3 */ = {isa = PBXFileReference; lastKnownFileType = audio.mp3; path = kingjung3.mp3; sourceTree = "<group>"; };
		C5C282BB2A71F7820027416D /* kingjung6.mp3 */ = {isa = PBXFileReference; lastKnownFileType = audio.mp3; path = kingjung6.mp3; sourceTree = "<group>"; };
		C5C282BC2A71F7820027416D /* kingjung4.mp3 */ = {isa = PBXFileReference; lastKnownFileType = audio.mp3; path = kingjung4.mp3; sourceTree = "<group>"; };
		C5C282BD2A71F7820027416D /* kingjung8.mp3 */ = {isa = PBXFileReference; lastKnownFileType = audio.mp3; path = kingjung8.mp3; sourceTree = "<group>"; };
		C5C282BE2A71F7820027416D /* kingjung9.mp3 */ = {isa = PBXFileReference; lastKnownFileType = audio.mp3; path = kingjung9.mp3; sourceTree = "<group>"; };
		C5C282BF2A71F7820027416D /* kingjung2.mp3 */ = {isa = PBXFileReference; lastKnownFileType = audio.mp3; path = kingjung2.mp3; sourceTree = "<group>"; };
		C5C282C02A71F7820027416D /* kingjung10.mp3 */ = {isa = PBXFileReference; lastKnownFileType = audio.mp3; path = kingjung10.mp3; sourceTree = "<group>"; };
		C5C282CB2A73465F0027416D /* OutroResultCardView.swift */ = {isa = PBXFileReference; lastKnownFileType = sourcecode.swift; path = OutroResultCardView.swift; sourceTree = "<group>"; };
		C5C61B982A5E583C00FB8854 /* HintView.swift */ = {isa = PBXFileReference; lastKnownFileType = sourcecode.swift; path = HintView.swift; sourceTree = "<group>"; };
		C5C7E7EC2A6F5F07000A3CCC /* Info.plist */ = {isa = PBXFileReference; lastKnownFileType = text.plist; path = Info.plist; sourceTree = "<group>"; };
		C5C7E7EF2A6F7134000A3CCC /* BMJUAOTF.otf */ = {isa = PBXFileReference; lastKnownFileType = file; path = BMJUAOTF.otf; sourceTree = "<group>"; };
		C5C7E7F12A70B017000A3CCC /* ReactionLottieView.swift */ = {isa = PBXFileReference; lastKnownFileType = sourcecode.swift; path = ReactionLottieView.swift; sourceTree = "<group>"; };
		C5C7E7FC2A70C987000A3CCC /* badReactionLottie.json */ = {isa = PBXFileReference; fileEncoding = 4; lastKnownFileType = text.json; path = badReactionLottie.json; sourceTree = "<group>"; };
		C5C7E7FE2A70C98D000A3CCC /* goodReactionLottie.json */ = {isa = PBXFileReference; fileEncoding = 4; lastKnownFileType = text.json; path = goodReactionLottie.json; sourceTree = "<group>"; };
		C5C7E8052A715FF8000A3CCC /* kingjung.mp3 */ = {isa = PBXFileReference; lastKnownFileType = audio.mp3; path = kingjung.mp3; sourceTree = "<group>"; };
/* End PBXFileReference section */

/* Begin PBXFrameworksBuildPhase section */
		B879984B2A5BACBE00167597 /* Frameworks */ = {
			isa = PBXFrameworksBuildPhase;
			buildActionMask = 2147483647;
			files = (
				C5C7E7F52A70BD5A000A3CCC /* Lottie in Frameworks */,
			);
			runOnlyForDeploymentPostprocessing = 0;
		};
/* End PBXFrameworksBuildPhase section */

/* Begin PBXGroup section */
		602BD2F72A602A1B00F9E345 /* ReactionModifier */ = {
			isa = PBXGroup;
			children = (
				602BD2F82A602A3600F9E345 /* ReactionModifier.swift */,
			);
			path = ReactionModifier;
			sourceTree = "<group>";
		};
		60EB427C2A5ED5490030286C /* UIScreen */ = {
			isa = PBXGroup;
			children = (
				60EB427A2A5E44880030286C /* UIScreen+Extension.swift */,
			);
			path = UIScreen;
			sourceTree = "<group>";
		};
		60EB42832A5F94840030286C /* Home */ = {
			isa = PBXGroup;
			children = (
			);
			path = Home;
			sourceTree = "<group>";
		};
		60EB42842A5F948B0030286C /* Question */ = {
			isa = PBXGroup;
			children = (
				B8B506942A5D2B2600B3EAED /* QuestionView.swift */,
				602BD3082A67E86600F9E345 /* FinishModalView.swift */,
				C5C61B982A5E583C00FB8854 /* HintView.swift */,
				602BD3022A6456BF00F9E345 /* ReactionView.swift */,
				C5C7E7F12A70B017000A3CCC /* ReactionLottieView.swift */,
			);
			path = Question;
			sourceTree = "<group>";
		};
		AA9741E52A6EBF5C0027DE48 /* Gyroscopes */ = {
			isa = PBXGroup;
			children = (
				AA9741E62A6EBF8F0027DE48 /* Ball.swift */,
				AA9741E82A6EBFAA0027DE48 /* GyroscopeManager.swift */,
				AA9741EA2A6EBFCE0027DE48 /* BallContainerView.swift */,
				AA9741EC2A6EC0290027DE48 /* Content_test.swift */,
			);
			path = Gyroscopes;
			sourceTree = "<group>";
		};
		B87998452A5BACBE00167597 = {
			isa = PBXGroup;
			children = (
				B87998502A5BACBE00167597 /* QAQA */,
				B879984F2A5BACBE00167597 /* Products */,
			);
			sourceTree = "<group>";
		};
		B879984F2A5BACBE00167597 /* Products */ = {
			isa = PBXGroup;
			children = (
				B879984E2A5BACBE00167597 /* QAQA.app */,
			);
			name = Products;
			sourceTree = "<group>";
		};
		B87998502A5BACBE00167597 /* QAQA */ = {
			isa = PBXGroup;
			children = (
				C5C7E7EC2A6F5F07000A3CCC /* Info.plist */,
				B8B506882A5CFDAA00B3EAED /* QAQA.entitlements */,
				B87998632A5BB3C400167597 /* Utils */,
				B87998622A5BB3B200167597 /* Resources */,
				B87998612A5BB3A900167597 /* Model */,
				B87998602A5BB39C00167597 /* ViewModel */,
				B879985F2A5BB39700167597 /* View */,
				B87998512A5BACBE00167597 /* QAQAApp.swift */,
				B87998572A5BACBF00167597 /* Preview Content */,
			);
			path = QAQA;
			sourceTree = "<group>";
		};
		B87998572A5BACBF00167597 /* Preview Content */ = {
			isa = PBXGroup;
			children = (
				B87998582A5BACBF00167597 /* Preview Assets.xcassets */,
			);
			path = "Preview Content";
			sourceTree = "<group>";
		};
		B879985F2A5BB39700167597 /* View */ = {
			isa = PBXGroup;
			children = (
				C5AADBD52A764D55002FD2D9 /* Intro */,
				B8F5747D2A63B3C20028A46A /* Outro */,
				C5C7E7E62A676A06000A3CCC /* Timer */,
				60EB42842A5F948B0030286C /* Question */,
				60EB42832A5F94840030286C /* Home */,
				B87998532A5BACBE00167597 /* HomeView.swift */,
			);
			path = View;
			sourceTree = "<group>";
		};
		B87998602A5BB39C00167597 /* ViewModel */ = {
			isa = PBXGroup;
			children = (
				B8B506822A5CF4FA00B3EAED /* HintViewModel.swift */,
				C5C282A72A7163410027416D /* ReactionSoundViewModel.swift */,
				C5AADBD02A73B7FA002FD2D9 /* OutroEndingViewModel.swift */,
			);
			path = ViewModel;
			sourceTree = "<group>";
		};
		B87998612A5BB3A900167597 /* Model */ = {
			isa = PBXGroup;
			children = (
				C5C282A92A7163FD0027416D /* Reaction */,
				B8F5748A2A64C8C20028A46A /* Outro */,
				C5C7E7E82A676A34000A3CCC /* Question */,
				C5C7E7E72A676A2C000A3CCC /* Timer */,
				B8B506962A5E276300B3EAED /* Game */,
			);
			path = Model;
			sourceTree = "<group>";
		};
		B87998622A5BB3B200167597 /* Resources */ = {
			isa = PBXGroup;
			children = (
				C5C282CA2A71FCEC0027416D /* Lotties */,
				B87998552A5BACBF00167597 /* Assets.xcassets */,
			);
			path = Resources;
			sourceTree = "<group>";
		};
		B87998632A5BB3C400167597 /* Utils */ = {
			isa = PBXGroup;
			children = (
				C5C7E8022A715FD6000A3CCC /* Sounds */,
				AA9741E52A6EBF5C0027DE48 /* Gyroscopes */,
				C5C7E7E92A6F5D6F000A3CCC /* Font */,
				602BD2F72A602A1B00F9E345 /* ReactionModifier */,
				60EB427C2A5ED5490030286C /* UIScreen */,
				B8B506972A5E2C7600B3EAED /* Color */,
				B8B5068B2A5D013100B3EAED /* GameCenter */,
			);
			path = Utils;
			sourceTree = "<group>";
		};
		B8B5068B2A5D013100B3EAED /* GameCenter */ = {
			isa = PBXGroup;
			children = (
				B81CFC852A6901B20012FA5A /* RealTimeGame+GKMatchDelegate.swift */,
				B8B5068C2A5D019900B3EAED /* RealTimeGame+Friends.swift */,
				B8B5068E2A5D01C700B3EAED /* RealTimeGame+GKMatchmakerViewControllerDelegate.swift */,
				B8B506902A5D01F000B3EAED /* RealTimeGame+GKGameCenterViewController.swift */,
				B8B5069A2A5E3C1C00B3EAED /* RealTimeGame+GKLocalPlayerListener.swift */,
				B8B5069C2A5E42D600B3EAED /* RealTimeGame+MatchData.swift */,
			);
			path = GameCenter;
			sourceTree = "<group>";
		};
		B8B506962A5E276300B3EAED /* Game */ = {
			isa = PBXGroup;
			children = (
				B8B506892A5D00BE00B3EAED /* RealTimeGame.swift */,
				B8F5748F2A64DDF80028A46A /* TopicUserModel.swift */,
			);
			path = Game;
			sourceTree = "<group>";
		};
		B8B506972A5E2C7600B3EAED /* Color */ = {
			isa = PBXGroup;
			children = (
				B8B506982A5E2C9500B3EAED /* Color+Extension.swift */,
			);
			path = Color;
			sourceTree = "<group>";
		};
		B8F5747D2A63B3C20028A46A /* Outro */ = {
			isa = PBXGroup;
			children = (
				B8F5747E2A63B4860028A46A /* OutroInfoView.swift */,
				B8F574802A63BAB90028A46A /* OutroEndingView.swift */,
				C5C282CB2A73465F0027416D /* OutroResultCardView.swift */,
			);
			path = Outro;
			sourceTree = "<group>";
		};
		B8F5748A2A64C8C20028A46A /* Outro */ = {
			isa = PBXGroup;
			children = (
				B8F5748B2A64C8D30028A46A /* OutroCardModel.swift */,
			);
			path = Outro;
			sourceTree = "<group>";
		};
		C5AADBD52A764D55002FD2D9 /* Intro */ = {
			isa = PBXGroup;
			children = (
				C5AADBD32A750DF1002FD2D9 /* IntroResultView.swift */,
				C5AADBD62A764DDB002FD2D9 /* BeginQuestionModalView.swift */,
				C5AADBD82A77510F002FD2D9 /* BeginIntroModalView.swift */,
			);
			path = Intro;
			sourceTree = "<group>";
		};
		C5C282A92A7163FD0027416D /* Reaction */ = {
			isa = PBXGroup;
			children = (
				C5C282AA2A71641C0027416D /* ReactionSoundModel.swift */,
			);
			path = Reaction;
			sourceTree = "<group>";
		};
		C5C282CA2A71FCEC0027416D /* Lotties */ = {
			isa = PBXGroup;
			children = (
				C5C7E7FC2A70C987000A3CCC /* badReactionLottie.json */,
				C5C7E7FE2A70C98D000A3CCC /* goodReactionLottie.json */,
			);
			path = Lotties;
			sourceTree = "<group>";
		};
		C5C7E7E62A676A06000A3CCC /* Timer */ = {
			isa = PBXGroup;
			children = (
				60EB42782A5E437C0030286C /* TimerView.swift */,
				60EB427F2A5ED78A0030286C /* TimerModalView.swift */,
			);
			path = Timer;
			sourceTree = "<group>";
		};
		C5C7E7E72A676A2C000A3CCC /* Timer */ = {
			isa = PBXGroup;
			children = (
				60EB42812A5ED99E0030286C /* TimerModel.swift */,
			);
			path = Timer;
			sourceTree = "<group>";
		};
		C5C7E7E82A676A34000A3CCC /* Question */ = {
			isa = PBXGroup;
			children = (
				C59F5A062A60F3B6007608AD /* HintModel.swift */,
				C59F5A082A60F657007608AD /* HintState.swift */,
			);
			path = Question;
			sourceTree = "<group>";
		};
		C5C7E7E92A6F5D6F000A3CCC /* Font */ = {
			isa = PBXGroup;
			children = (
				C5C7E7EF2A6F7134000A3CCC /* BMJUAOTF.otf */,
			);
			path = Font;
			sourceTree = "<group>";
		};
		C5C7E8022A715FD6000A3CCC /* Sounds */ = {
			isa = PBXGroup;
			children = (
				C5C282AC2A7165060027416D /* eva.mp3 */,
				C5C282AE2A71691A0027416D /* eva2.mp3 */,
				C5C282B02A7169340027416D /* eva3.mp3 */,
				C5C282B22A7169430027416D /* eva4.mp3 */,
				C5C282B42A71695D0027416D /* eva5.mp3 */,
				C5C282B62A71696E0027416D /* eva6.mp3 */,
				C5C7E8052A715FF8000A3CCC /* kingjung.mp3 */,
				C5C282BF2A71F7820027416D /* kingjung2.mp3 */,
				C5C282BA2A71F7820027416D /* kingjung3.mp3 */,
				C5C282BC2A71F7820027416D /* kingjung4.mp3 */,
				C5C282B82A71F7820027416D /* kingjung5.mp3 */,
				C5C282BB2A71F7820027416D /* kingjung6.mp3 */,
				C5C282B92A71F7820027416D /* kingjung7.mp3 */,
				C5C282BD2A71F7820027416D /* kingjung8.mp3 */,
				C5C282BE2A71F7820027416D /* kingjung9.mp3 */,
				C5C282C02A71F7820027416D /* kingjung10.mp3 */,
			);
			path = Sounds;
			sourceTree = "<group>";
		};
/* End PBXGroup section */

/* Begin PBXNativeTarget section */
		B879984D2A5BACBE00167597 /* QAQA */ = {
			isa = PBXNativeTarget;
			buildConfigurationList = B879985C2A5BACBF00167597 /* Build configuration list for PBXNativeTarget "QAQA" */;
			buildPhases = (
				B879984A2A5BACBE00167597 /* Sources */,
				B879984B2A5BACBE00167597 /* Frameworks */,
				B879984C2A5BACBE00167597 /* Resources */,
			);
			buildRules = (
			);
			dependencies = (
			);
			name = QAQA;
			packageProductDependencies = (
				C5C7E7F42A70BD5A000A3CCC /* Lottie */,
			);
			productName = QAQA;
			productReference = B879984E2A5BACBE00167597 /* QAQA.app */;
			productType = "com.apple.product-type.application";
		};
/* End PBXNativeTarget section */

/* Begin PBXProject section */
		B87998462A5BACBE00167597 /* Project object */ = {
			isa = PBXProject;
			attributes = {
				BuildIndependentTargetsInParallel = 1;
				LastSwiftUpdateCheck = 1420;
				LastUpgradeCheck = 1420;
				TargetAttributes = {
					B879984D2A5BACBE00167597 = {
						CreatedOnToolsVersion = 14.2;
					};
				};
			};
			buildConfigurationList = B87998492A5BACBE00167597 /* Build configuration list for PBXProject "QAQA" */;
			compatibilityVersion = "Xcode 14.0";
			developmentRegion = en;
			hasScannedForEncodings = 0;
			knownRegions = (
				en,
				Base,
			);
			mainGroup = B87998452A5BACBE00167597;
			packageReferences = (
				C5C7E7F32A70BD5A000A3CCC /* XCRemoteSwiftPackageReference "lottie-ios" */,
			);
			productRefGroup = B879984F2A5BACBE00167597 /* Products */;
			projectDirPath = "";
			projectRoot = "";
			targets = (
				B879984D2A5BACBE00167597 /* QAQA */,
			);
		};
/* End PBXProject section */

/* Begin PBXResourcesBuildPhase section */
		B879984C2A5BACBE00167597 /* Resources */ = {
			isa = PBXResourcesBuildPhase;
			buildActionMask = 2147483647;
			files = (
				C5C282C72A71F7820027416D /* kingjung9.mp3 in Resources */,
				C5C282AF2A71691A0027416D /* eva2.mp3 in Resources */,
				C5C282C82A71F7820027416D /* kingjung2.mp3 in Resources */,
				C5C282C12A71F7820027416D /* kingjung5.mp3 in Resources */,
				C5C282B12A7169340027416D /* eva3.mp3 in Resources */,
				B87998592A5BACBF00167597 /* Preview Assets.xcassets in Resources */,
				C5C282B52A71695D0027416D /* eva5.mp3 in Resources */,
				C5C282C92A71F7820027416D /* kingjung10.mp3 in Resources */,
				C5C282B72A71696E0027416D /* eva6.mp3 in Resources */,
				C5C282C62A71F7820027416D /* kingjung8.mp3 in Resources */,
				B87998562A5BACBF00167597 /* Assets.xcassets in Resources */,
				C5C7E7FD2A70C987000A3CCC /* badReactionLottie.json in Resources */,
				C5C7E7F02A6F7134000A3CCC /* BMJUAOTF.otf in Resources */,
				C5C282C22A71F7820027416D /* kingjung7.mp3 in Resources */,
				C5C282C42A71F7820027416D /* kingjung6.mp3 in Resources */,
				C5C7E8062A715FF8000A3CCC /* kingjung.mp3 in Resources */,
				C5C282C52A71F7820027416D /* kingjung4.mp3 in Resources */,
				C5C7E7FF2A70C98D000A3CCC /* goodReactionLottie.json in Resources */,
				C5C282C32A71F7820027416D /* kingjung3.mp3 in Resources */,
				C5C282B32A7169430027416D /* eva4.mp3 in Resources */,
				C5C282AD2A7165060027416D /* eva.mp3 in Resources */,
			);
			runOnlyForDeploymentPostprocessing = 0;
		};
/* End PBXResourcesBuildPhase section */

/* Begin PBXSourcesBuildPhase section */
		B879984A2A5BACBE00167597 /* Sources */ = {
			isa = PBXSourcesBuildPhase;
			buildActionMask = 2147483647;
			files = (
				C59F5A072A60F3B6007608AD /* HintModel.swift in Sources */,
				C5C61B992A5E583C00FB8854 /* HintView.swift in Sources */,
				B87998542A5BACBE00167597 /* HomeView.swift in Sources */,
				C5C7E7F22A70B017000A3CCC /* ReactionLottieView.swift in Sources */,
				C5C282A82A7163410027416D /* ReactionSoundViewModel.swift in Sources */,
				60EB42822A5ED99E0030286C /* TimerModel.swift in Sources */,
				C59F5A092A60F657007608AD /* HintState.swift in Sources */,
				60EB42802A5ED78A0030286C /* TimerModalView.swift in Sources */,
				AA9741EB2A6EBFCE0027DE48 /* BallContainerView.swift in Sources */,
				60EB42792A5E437C0030286C /* TimerView.swift in Sources */,
				B8B5068F2A5D01C700B3EAED /* RealTimeGame+GKMatchmakerViewControllerDelegate.swift in Sources */,
				B87998542A5BACBE00167597 /* HomeView.swift in Sources */,
				B8F574902A64DDF80028A46A /* TopicUserModel.swift in Sources */,
				602BD3092A67E86600F9E345 /* FinishModalView.swift in Sources */,
				B8B506912A5D01F000B3EAED /* RealTimeGame+GKGameCenterViewController.swift in Sources */,
				B8F5748C2A64C8D30028A46A /* OutroCardModel.swift in Sources */,
				B8B506952A5D2B2600B3EAED /* QuestionView.swift in Sources */,
				B8B5069D2A5E42D600B3EAED /* RealTimeGame+MatchData.swift in Sources */,
				C5AADBD72A764DDB002FD2D9 /* BeginQuestionModalView.swift in Sources */,
				C5AADBD92A77510F002FD2D9 /* BeginIntroModalView.swift in Sources */,
				B8F574812A63BAB90028A46A /* OutroEndingView.swift in Sources */,
				B81CFC862A6901B20012FA5A /* RealTimeGame+GKMatchDelegate.swift in Sources */,
				C5C282CC2A73465F0027416D /* OutroResultCardView.swift in Sources */,
				B8B506832A5CF4FA00B3EAED /* HintViewModel.swift in Sources */,
				B8B506832A5CF4FA00B3EAED /* HintViewModel.swift in Sources */,
				C5AADBD12A73B7FA002FD2D9 /* OutroEndingViewModel.swift in Sources */,
				B8B5068D2A5D019900B3EAED /* RealTimeGame+Friends.swift in Sources */,
				C5AADBD42A750DF1002FD2D9 /* IntroResultView.swift in Sources */,
				AA9741E72A6EBF8F0027DE48 /* Ball.swift in Sources */,
				B8B5069B2A5E3C1C00B3EAED /* RealTimeGame+GKLocalPlayerListener.swift in Sources */,
				AA9741E92A6EBFAA0027DE48 /* GyroscopeManager.swift in Sources */,
				B8F5747F2A63B4860028A46A /* OutroInfoView.swift in Sources */,
				B8B5069B2A5E3C1C00B3EAED /* RealTimeGame+GKLocalPlayerListener.swift in Sources */,
				B87998522A5BACBE00167597 /* QAQAApp.swift in Sources */,
				602BD3032A6456BF00F9E345 /* ReactionView.swift in Sources */,
				60EB427B2A5E44880030286C /* UIScreen+Extension.swift in Sources */,
				B8B5068A2A5D00BE00B3EAED /* RealTimeGame.swift in Sources */,
				B8B506992A5E2C9500B3EAED /* Color+Extension.swift in Sources */,
				C5C282AB2A71641C0027416D /* ReactionSoundModel.swift in Sources */,
				AA9741ED2A6EC0290027DE48 /* Content_test.swift in Sources */,
				602BD2F92A602A3600F9E345 /* ReactionModifier.swift in Sources */,
			);
			runOnlyForDeploymentPostprocessing = 0;
		};
/* End PBXSourcesBuildPhase section */

/* Begin XCBuildConfiguration section */
		B879985A2A5BACBF00167597 /* Debug */ = {
			isa = XCBuildConfiguration;
			buildSettings = {
				ALWAYS_SEARCH_USER_PATHS = NO;
				CLANG_ANALYZER_NONNULL = YES;
				CLANG_ANALYZER_NUMBER_OBJECT_CONVERSION = YES_AGGRESSIVE;
				CLANG_CXX_LANGUAGE_STANDARD = "gnu++20";
				CLANG_ENABLE_MODULES = YES;
				CLANG_ENABLE_OBJC_ARC = YES;
				CLANG_ENABLE_OBJC_WEAK = YES;
				CLANG_WARN_BLOCK_CAPTURE_AUTORELEASING = YES;
				CLANG_WARN_BOOL_CONVERSION = YES;
				CLANG_WARN_COMMA = YES;
				CLANG_WARN_CONSTANT_CONVERSION = YES;
				CLANG_WARN_DEPRECATED_OBJC_IMPLEMENTATIONS = YES;
				CLANG_WARN_DIRECT_OBJC_ISA_USAGE = YES_ERROR;
				CLANG_WARN_DOCUMENTATION_COMMENTS = YES;
				CLANG_WARN_EMPTY_BODY = YES;
				CLANG_WARN_ENUM_CONVERSION = YES;
				CLANG_WARN_INFINITE_RECURSION = YES;
				CLANG_WARN_INT_CONVERSION = YES;
				CLANG_WARN_NON_LITERAL_NULL_CONVERSION = YES;
				CLANG_WARN_OBJC_IMPLICIT_RETAIN_SELF = YES;
				CLANG_WARN_OBJC_LITERAL_CONVERSION = YES;
				CLANG_WARN_OBJC_ROOT_CLASS = YES_ERROR;
				CLANG_WARN_QUOTED_INCLUDE_IN_FRAMEWORK_HEADER = YES;
				CLANG_WARN_RANGE_LOOP_ANALYSIS = YES;
				CLANG_WARN_STRICT_PROTOTYPES = YES;
				CLANG_WARN_SUSPICIOUS_MOVE = YES;
				CLANG_WARN_UNGUARDED_AVAILABILITY = YES_AGGRESSIVE;
				CLANG_WARN_UNREACHABLE_CODE = YES;
				CLANG_WARN__DUPLICATE_METHOD_MATCH = YES;
				COPY_PHASE_STRIP = NO;
				DEBUG_INFORMATION_FORMAT = dwarf;
				ENABLE_STRICT_OBJC_MSGSEND = YES;
				ENABLE_TESTABILITY = YES;
				GCC_C_LANGUAGE_STANDARD = gnu11;
				GCC_DYNAMIC_NO_PIC = NO;
				GCC_NO_COMMON_BLOCKS = YES;
				GCC_OPTIMIZATION_LEVEL = 0;
				GCC_PREPROCESSOR_DEFINITIONS = (
					"DEBUG=1",
					"$(inherited)",
				);
				GCC_WARN_64_TO_32_BIT_CONVERSION = YES;
				GCC_WARN_ABOUT_RETURN_TYPE = YES_ERROR;
				GCC_WARN_UNDECLARED_SELECTOR = YES;
				GCC_WARN_UNINITIALIZED_AUTOS = YES_AGGRESSIVE;
				GCC_WARN_UNUSED_FUNCTION = YES;
				GCC_WARN_UNUSED_VARIABLE = YES;
				IPHONEOS_DEPLOYMENT_TARGET = 16.4;
				MTL_ENABLE_DEBUG_INFO = INCLUDE_SOURCE;
				MTL_FAST_MATH = YES;
				ONLY_ACTIVE_ARCH = YES;
				SDKROOT = iphoneos;
				SWIFT_ACTIVE_COMPILATION_CONDITIONS = DEBUG;
				SWIFT_OPTIMIZATION_LEVEL = "-Onone";
			};
			name = Debug;
		};
		B879985B2A5BACBF00167597 /* Release */ = {
			isa = XCBuildConfiguration;
			buildSettings = {
				ALWAYS_SEARCH_USER_PATHS = NO;
				CLANG_ANALYZER_NONNULL = YES;
				CLANG_ANALYZER_NUMBER_OBJECT_CONVERSION = YES_AGGRESSIVE;
				CLANG_CXX_LANGUAGE_STANDARD = "gnu++20";
				CLANG_ENABLE_MODULES = YES;
				CLANG_ENABLE_OBJC_ARC = YES;
				CLANG_ENABLE_OBJC_WEAK = YES;
				CLANG_WARN_BLOCK_CAPTURE_AUTORELEASING = YES;
				CLANG_WARN_BOOL_CONVERSION = YES;
				CLANG_WARN_COMMA = YES;
				CLANG_WARN_CONSTANT_CONVERSION = YES;
				CLANG_WARN_DEPRECATED_OBJC_IMPLEMENTATIONS = YES;
				CLANG_WARN_DIRECT_OBJC_ISA_USAGE = YES_ERROR;
				CLANG_WARN_DOCUMENTATION_COMMENTS = YES;
				CLANG_WARN_EMPTY_BODY = YES;
				CLANG_WARN_ENUM_CONVERSION = YES;
				CLANG_WARN_INFINITE_RECURSION = YES;
				CLANG_WARN_INT_CONVERSION = YES;
				CLANG_WARN_NON_LITERAL_NULL_CONVERSION = YES;
				CLANG_WARN_OBJC_IMPLICIT_RETAIN_SELF = YES;
				CLANG_WARN_OBJC_LITERAL_CONVERSION = YES;
				CLANG_WARN_OBJC_ROOT_CLASS = YES_ERROR;
				CLANG_WARN_QUOTED_INCLUDE_IN_FRAMEWORK_HEADER = YES;
				CLANG_WARN_RANGE_LOOP_ANALYSIS = YES;
				CLANG_WARN_STRICT_PROTOTYPES = YES;
				CLANG_WARN_SUSPICIOUS_MOVE = YES;
				CLANG_WARN_UNGUARDED_AVAILABILITY = YES_AGGRESSIVE;
				CLANG_WARN_UNREACHABLE_CODE = YES;
				CLANG_WARN__DUPLICATE_METHOD_MATCH = YES;
				COPY_PHASE_STRIP = NO;
				DEBUG_INFORMATION_FORMAT = "dwarf-with-dsym";
				ENABLE_NS_ASSERTIONS = NO;
				ENABLE_STRICT_OBJC_MSGSEND = YES;
				GCC_C_LANGUAGE_STANDARD = gnu11;
				GCC_NO_COMMON_BLOCKS = YES;
				GCC_WARN_64_TO_32_BIT_CONVERSION = YES;
				GCC_WARN_ABOUT_RETURN_TYPE = YES_ERROR;
				GCC_WARN_UNDECLARED_SELECTOR = YES;
				GCC_WARN_UNINITIALIZED_AUTOS = YES_AGGRESSIVE;
				GCC_WARN_UNUSED_FUNCTION = YES;
				GCC_WARN_UNUSED_VARIABLE = YES;
				IPHONEOS_DEPLOYMENT_TARGET = 16.4;
				MTL_ENABLE_DEBUG_INFO = NO;
				MTL_FAST_MATH = YES;
				SDKROOT = iphoneos;
				SWIFT_COMPILATION_MODE = wholemodule;
				SWIFT_OPTIMIZATION_LEVEL = "-O";
				VALIDATE_PRODUCT = YES;
			};
			name = Release;
		};
		B879985D2A5BACBF00167597 /* Debug */ = {
			isa = XCBuildConfiguration;
			buildSettings = {
				ASSETCATALOG_COMPILER_APPICON_NAME = AppIcon;
				ASSETCATALOG_COMPILER_GLOBAL_ACCENT_COLOR_NAME = AccentColor;
				CODE_SIGN_ENTITLEMENTS = QAQA/QAQA.entitlements;
				CODE_SIGN_STYLE = Automatic;
				CURRENT_PROJECT_VERSION = 1;
				DEVELOPMENT_ASSET_PATHS = "\"QAQA/Preview Content\"";
				DEVELOPMENT_TEAM = 82Q43H4UQQ;
				ENABLE_PREVIEWS = YES;
				GENERATE_INFOPLIST_FILE = YES;
				INFOPLIST_FILE = QAQA/Info.plist;
				INFOPLIST_KEY_NSGKFriendListUsageDescription = "Accessing your friends to identify them during gameplay.";
				INFOPLIST_KEY_UIApplicationSceneManifest_Generation = YES;
				INFOPLIST_KEY_UIApplicationSupportsIndirectInputEvents = YES;
				INFOPLIST_KEY_UILaunchScreen_Generation = YES;
				INFOPLIST_KEY_UIRequiredDeviceCapabilities = gamekit;
				INFOPLIST_KEY_UISupportedInterfaceOrientations = UIInterfaceOrientationPortrait;
				INFOPLIST_KEY_UISupportedInterfaceOrientations_iPad = "UIInterfaceOrientationLandscapeLeft UIInterfaceOrientationLandscapeRight UIInterfaceOrientationPortrait UIInterfaceOrientationPortraitUpsideDown";
				INFOPLIST_KEY_UIUserInterfaceStyle = Light;
				IPHONEOS_DEPLOYMENT_TARGET = 16.4;
				LD_RUNPATH_SEARCH_PATHS = (
					"$(inherited)",
					"@executable_path/Frameworks",
				);
				MARKETING_VERSION = 1.0;
				PRODUCT_BUNDLE_IDENTIFIER = com.epark.QAQA;
				PRODUCT_NAME = "$(TARGET_NAME)";
				SWIFT_EMIT_LOC_STRINGS = YES;
				SWIFT_VERSION = 5.0;
				TARGETED_DEVICE_FAMILY = "1,2";
			};
			name = Debug;
		};
		B879985E2A5BACBF00167597 /* Release */ = {
			isa = XCBuildConfiguration;
			buildSettings = {
				ASSETCATALOG_COMPILER_APPICON_NAME = AppIcon;
				ASSETCATALOG_COMPILER_GLOBAL_ACCENT_COLOR_NAME = AccentColor;
				CODE_SIGN_ENTITLEMENTS = QAQA/QAQA.entitlements;
				CODE_SIGN_STYLE = Automatic;
				CURRENT_PROJECT_VERSION = 1;
				DEVELOPMENT_ASSET_PATHS = "\"QAQA/Preview Content\"";
				DEVELOPMENT_TEAM = 82Q43H4UQQ;
				ENABLE_PREVIEWS = YES;
				GENERATE_INFOPLIST_FILE = YES;
				INFOPLIST_FILE = QAQA/Info.plist;
				INFOPLIST_KEY_NSGKFriendListUsageDescription = "Accessing your friends to identify them during gameplay.";
				INFOPLIST_KEY_UIApplicationSceneManifest_Generation = YES;
				INFOPLIST_KEY_UIApplicationSupportsIndirectInputEvents = YES;
				INFOPLIST_KEY_UILaunchScreen_Generation = YES;
				INFOPLIST_KEY_UIRequiredDeviceCapabilities = gamekit;
				INFOPLIST_KEY_UISupportedInterfaceOrientations = UIInterfaceOrientationPortrait;
				INFOPLIST_KEY_UISupportedInterfaceOrientations_iPad = "UIInterfaceOrientationLandscapeLeft UIInterfaceOrientationLandscapeRight UIInterfaceOrientationPortrait UIInterfaceOrientationPortraitUpsideDown";
				INFOPLIST_KEY_UIUserInterfaceStyle = Light;
				IPHONEOS_DEPLOYMENT_TARGET = 16.4;
				LD_RUNPATH_SEARCH_PATHS = (
					"$(inherited)",
					"@executable_path/Frameworks",
				);
				MARKETING_VERSION = 1.0;
				PRODUCT_BUNDLE_IDENTIFIER = com.epark.QAQA;
				PRODUCT_NAME = "$(TARGET_NAME)";
				SWIFT_EMIT_LOC_STRINGS = YES;
				SWIFT_VERSION = 5.0;
				TARGETED_DEVICE_FAMILY = "1,2";
			};
			name = Release;
		};
/* End XCBuildConfiguration section */

/* Begin XCConfigurationList section */
		B87998492A5BACBE00167597 /* Build configuration list for PBXProject "QAQA" */ = {
			isa = XCConfigurationList;
			buildConfigurations = (
				B879985A2A5BACBF00167597 /* Debug */,
				B879985B2A5BACBF00167597 /* Release */,
			);
			defaultConfigurationIsVisible = 0;
			defaultConfigurationName = Release;
		};
		B879985C2A5BACBF00167597 /* Build configuration list for PBXNativeTarget "QAQA" */ = {
			isa = XCConfigurationList;
			buildConfigurations = (
				B879985D2A5BACBF00167597 /* Debug */,
				B879985E2A5BACBF00167597 /* Release */,
			);
			defaultConfigurationIsVisible = 0;
			defaultConfigurationName = Release;
		};
/* End XCConfigurationList section */

/* Begin XCRemoteSwiftPackageReference section */
		C5C7E7F32A70BD5A000A3CCC /* XCRemoteSwiftPackageReference "lottie-ios" */ = {
			isa = XCRemoteSwiftPackageReference;
			repositoryURL = "https://github.com/airbnb/lottie-ios";
			requirement = {
				kind = upToNextMajorVersion;
				minimumVersion = 4.0.0;
			};
		};
/* End XCRemoteSwiftPackageReference section */

/* Begin XCSwiftPackageProductDependency section */
		C5C7E7F42A70BD5A000A3CCC /* Lottie */ = {
			isa = XCSwiftPackageProductDependency;
			package = C5C7E7F32A70BD5A000A3CCC /* XCRemoteSwiftPackageReference "lottie-ios" */;
			productName = Lottie;
		};
/* End XCSwiftPackageProductDependency section */
	};
	rootObject = B87998462A5BACBE00167597 /* Project object */;
}
