// !$*UTF8*$!
{
	archiveVersion = 1;
	classes = {
	};
	objectVersion = 56;
	objects = {

/* Begin PBXBuildFile section */
		B87998522A5BACBE00167597 /* QAQAApp.swift in Sources */ = {isa = PBXBuildFile; fileRef = B87998512A5BACBE00167597 /* QAQAApp.swift */; };
		B87998542A5BACBE00167597 /* ContentView.swift in Sources */ = {isa = PBXBuildFile; fileRef = B87998532A5BACBE00167597 /* ContentView.swift */; };
		B87998562A5BACBF00167597 /* Assets.xcassets in Resources */ = {isa = PBXBuildFile; fileRef = B87998552A5BACBF00167597 /* Assets.xcassets */; };
		B87998592A5BACBF00167597 /* Preview Assets.xcassets in Resources */ = {isa = PBXBuildFile; fileRef = B87998582A5BACBF00167597 /* Preview Assets.xcassets */; };
		B8B506832A5CF4FA00B3EAED /* ViewModel.swift in Sources */ = {isa = PBXBuildFile; fileRef = B8B506822A5CF4FA00B3EAED /* ViewModel.swift */; };
		B8B506852A5CF50400B3EAED /* Utils.swift in Sources */ = {isa = PBXBuildFile; fileRef = B8B506842A5CF50400B3EAED /* Utils.swift */; };
		B8B506872A5CF51700B3EAED /* Model.swift in Sources */ = {isa = PBXBuildFile; fileRef = B8B506862A5CF51700B3EAED /* Model.swift */; };
		C5C61B972A5E409C00FB8854 /* QuestionMainView.swift in Sources */ = {isa = PBXBuildFile; fileRef = C5C61B962A5E409C00FB8854 /* QuestionMainView.swift */; };
		C5C61B992A5E583C00FB8854 /* HintModal.swift in Sources */ = {isa = PBXBuildFile; fileRef = C5C61B982A5E583C00FB8854 /* HintModal.swift */; };
		C5C89C382A5D008300218E40 /* EasyModal.swift in Sources */ = {isa = PBXBuildFile; fileRef = C5C89C372A5D008300218E40 /* EasyModal.swift */; };
		C5C89C3A2A5D00B900218E40 /* HardModal.swift in Sources */ = {isa = PBXBuildFile; fileRef = C5C89C392A5D00B900218E40 /* HardModal.swift */; };
/* End PBXBuildFile section */

/* Begin PBXFileReference section */
		B879984E2A5BACBE00167597 /* QAQA.app */ = {isa = PBXFileReference; explicitFileType = wrapper.application; includeInIndex = 0; path = QAQA.app; sourceTree = BUILT_PRODUCTS_DIR; };
		B87998512A5BACBE00167597 /* QAQAApp.swift */ = {isa = PBXFileReference; lastKnownFileType = sourcecode.swift; path = QAQAApp.swift; sourceTree = "<group>"; };
		B87998532A5BACBE00167597 /* ContentView.swift */ = {isa = PBXFileReference; lastKnownFileType = sourcecode.swift; path = ContentView.swift; sourceTree = "<group>"; };
		B87998552A5BACBF00167597 /* Assets.xcassets */ = {isa = PBXFileReference; lastKnownFileType = folder.assetcatalog; path = Assets.xcassets; sourceTree = "<group>"; };
		B87998582A5BACBF00167597 /* Preview Assets.xcassets */ = {isa = PBXFileReference; lastKnownFileType = folder.assetcatalog; path = "Preview Assets.xcassets"; sourceTree = "<group>"; };
		B8B506822A5CF4FA00B3EAED /* ViewModel.swift */ = {isa = PBXFileReference; lastKnownFileType = sourcecode.swift; path = ViewModel.swift; sourceTree = "<group>"; };
		B8B506842A5CF50400B3EAED /* Utils.swift */ = {isa = PBXFileReference; lastKnownFileType = sourcecode.swift; path = Utils.swift; sourceTree = "<group>"; };
		B8B506862A5CF51700B3EAED /* Model.swift */ = {isa = PBXFileReference; lastKnownFileType = sourcecode.swift; path = Model.swift; sourceTree = "<group>"; };
		C5C61B962A5E409C00FB8854 /* QuestionMainView.swift */ = {isa = PBXFileReference; lastKnownFileType = sourcecode.swift; path = QuestionMainView.swift; sourceTree = "<group>"; };
		C5C61B982A5E583C00FB8854 /* HintModal.swift */ = {isa = PBXFileReference; lastKnownFileType = sourcecode.swift; path = HintModal.swift; sourceTree = "<group>"; };
		C5C89C372A5D008300218E40 /* EasyModal.swift */ = {isa = PBXFileReference; lastKnownFileType = sourcecode.swift; path = EasyModal.swift; sourceTree = "<group>"; };
		C5C89C392A5D00B900218E40 /* HardModal.swift */ = {isa = PBXFileReference; lastKnownFileType = sourcecode.swift; path = HardModal.swift; sourceTree = "<group>"; };
/* End PBXFileReference section */

/* Begin PBXFrameworksBuildPhase section */
		B879984B2A5BACBE00167597 /* Frameworks */ = {
			isa = PBXFrameworksBuildPhase;
			buildActionMask = 2147483647;
			files = (
			);
			runOnlyForDeploymentPostprocessing = 0;
		};
/* End PBXFrameworksBuildPhase section */

/* Begin PBXGroup section */
		B87998452A5BACBE00167597 = {
			isa = PBXGroup;
			children = (
				B87998502A5BACBE00167597 /* QAQA */,
				B879984F2A5BACBE00167597 /* Products */,
			);
			sourceTree = "<group>";
		};
		B879984F2A5BACBE00167597 /* Products */ = {
			isa = PBXGroup;
			children = (
				B879984E2A5BACBE00167597 /* QAQA.app */,
			);
			name = Products;
			sourceTree = "<group>";
		};
		B87998502A5BACBE00167597 /* QAQA */ = {
			isa = PBXGroup;
			children = (
				B87998632A5BB3C400167597 /* Utils */,
				B87998622A5BB3B200167597 /* Resources */,
				B87998612A5BB3A900167597 /* Model */,
				B87998602A5BB39C00167597 /* ViewModel */,
				B879985F2A5BB39700167597 /* View */,
				B87998512A5BACBE00167597 /* QAQAApp.swift */,
				B87998572A5BACBF00167597 /* Preview Content */,
			);
			path = QAQA;
			sourceTree = "<group>";
		};
		B87998572A5BACBF00167597 /* Preview Content */ = {
			isa = PBXGroup;
			children = (
				B87998582A5BACBF00167597 /* Preview Assets.xcassets */,
			);
			path = "Preview Content";
			sourceTree = "<group>";
		};
		B879985F2A5BB39700167597 /* View */ = {
			isa = PBXGroup;
			children = (
				B87998532A5BACBE00167597 /* ContentView.swift */,
				C5C89C372A5D008300218E40 /* EasyModal.swift */,
				C5C89C392A5D00B900218E40 /* HardModal.swift */,
				C5C61B982A5E583C00FB8854 /* HintModal.swift */,
				C5C61B962A5E409C00FB8854 /* QuestionMainView.swift */,
			);
			path = View;
			sourceTree = "<group>";
		};
		B87998602A5BB39C00167597 /* ViewModel */ = {
			isa = PBXGroup;
			children = (
				B8B506822A5CF4FA00B3EAED /* ViewModel.swift */,
			);
			path = ViewModel;
			sourceTree = "<group>";
		};
		B87998612A5BB3A900167597 /* Model */ = {
			isa = PBXGroup;
			children = (
				B8B506862A5CF51700B3EAED /* Model.swift */,
			);
			path = Model;
			sourceTree = "<group>";
		};
		B87998622A5BB3B200167597 /* Resources */ = {
			isa = PBXGroup;
			children = (
				B87998552A5BACBF00167597 /* Assets.xcassets */,
			);
			path = Resources;
			sourceTree = "<group>";
		};
		B87998632A5BB3C400167597 /* Utils */ = {
			isa = PBXGroup;
			children = (
				B8B506842A5CF50400B3EAED /* Utils.swift */,
			);
			path = Utils;
			sourceTree = "<group>";
		};
/* End PBXGroup section */

/* Begin PBXNativeTarget section */
		B879984D2A5BACBE00167597 /* QAQA */ = {
			isa = PBXNativeTarget;
			buildConfigurationList = B879985C2A5BACBF00167597 /* Build configuration list for PBXNativeTarget "QAQA" */;
			buildPhases = (
				B879984A2A5BACBE00167597 /* Sources */,
				B879984B2A5BACBE00167597 /* Frameworks */,
				B879984C2A5BACBE00167597 /* Resources */,
			);
			buildRules = (
			);
			dependencies = (
			);
			name = QAQA;
			productName = QAQA;
			productReference = B879984E2A5BACBE00167597 /* QAQA.app */;
			productType = "com.apple.product-type.application";
		};
/* End PBXNativeTarget section */

/* Begin PBXProject section */
		B87998462A5BACBE00167597 /* Project object */ = {
			isa = PBXProject;
			attributes = {
				BuildIndependentTargetsInParallel = 1;
				LastSwiftUpdateCheck = 1420;
				LastUpgradeCheck = 1420;
				TargetAttributes = {
					B879984D2A5BACBE00167597 = {
						CreatedOnToolsVersion = 14.2;
					};
				};
			};
			buildConfigurationList = B87998492A5BACBE00167597 /* Build configuration list for PBXProject "QAQA" */;
			compatibilityVersion = "Xcode 14.0";
			developmentRegion = en;
			hasScannedForEncodings = 0;
			knownRegions = (
				en,
				Base,
			);
			mainGroup = B87998452A5BACBE00167597;
			productRefGroup = B879984F2A5BACBE00167597 /* Products */;
			projectDirPath = "";
			projectRoot = "";
			targets = (
				B879984D2A5BACBE00167597 /* QAQA */,
			);
		};
/* End PBXProject section */

/* Begin PBXResourcesBuildPhase section */
		B879984C2A5BACBE00167597 /* Resources */ = {
			isa = PBXResourcesBuildPhase;
			buildActionMask = 2147483647;
			files = (
				B87998592A5BACBF00167597 /* Preview Assets.xcassets in Resources */,
				B87998562A5BACBF00167597 /* Assets.xcassets in Resources */,
			);
			runOnlyForDeploymentPostprocessing = 0;
		};
/* End PBXResourcesBuildPhase section */

/* Begin PBXSourcesBuildPhase section */
		B879984A2A5BACBE00167597 /* Sources */ = {
			isa = PBXSourcesBuildPhase;
			buildActionMask = 2147483647;
			files = (
				B8B506872A5CF51700B3EAED /* Model.swift in Sources */,
				C5C61B972A5E409C00FB8854 /* QuestionMainView.swift in Sources */,
				C5C61B992A5E583C00FB8854 /* HintModal.swift in Sources */,
				B87998542A5BACBE00167597 /* ContentView.swift in Sources */,
				B8B506832A5CF4FA00B3EAED /* ViewModel.swift in Sources */,
				B87998522A5BACBE00167597 /* QAQAApp.swift in Sources */,
				B8B506852A5CF50400B3EAED /* Utils.swift in Sources */,
				C5C89C3A2A5D00B900218E40 /* HardModal.swift in Sources */,
				C5C89C382A5D008300218E40 /* EasyModal.swift in Sources */,
			);
			runOnlyForDeploymentPostprocessing = 0;
		};
/* End PBXSourcesBuildPhase section */

/* Begin XCBuildConfiguration section */
		B879985A2A5BACBF00167597 /* Debug */ = {
			isa = XCBuildConfiguration;
			buildSettings = {
				ALWAYS_SEARCH_USER_PATHS = NO;
				CLANG_ANALYZER_NONNULL = YES;
				CLANG_ANALYZER_NUMBER_OBJECT_CONVERSION = YES_AGGRESSIVE;
				CLANG_CXX_LANGUAGE_STANDARD = "gnu++20";
				CLANG_ENABLE_MODULES = YES;
				CLANG_ENABLE_OBJC_ARC = YES;
				CLANG_ENABLE_OBJC_WEAK = YES;
				CLANG_WARN_BLOCK_CAPTURE_AUTORELEASING = YES;
				CLANG_WARN_BOOL_CONVERSION = YES;
				CLANG_WARN_COMMA = YES;
				CLANG_WARN_CONSTANT_CONVERSION = YES;
				CLANG_WARN_DEPRECATED_OBJC_IMPLEMENTATIONS = YES;
				CLANG_WARN_DIRECT_OBJC_ISA_USAGE = YES_ERROR;
				CLANG_WARN_DOCUMENTATION_COMMENTS = YES;
				CLANG_WARN_EMPTY_BODY = YES;
				CLANG_WARN_ENUM_CONVERSION = YES;
				CLANG_WARN_INFINITE_RECURSION = YES;
				CLANG_WARN_INT_CONVERSION = YES;
				CLANG_WARN_NON_LITERAL_NULL_CONVERSION = YES;
				CLANG_WARN_OBJC_IMPLICIT_RETAIN_SELF = YES;
				CLANG_WARN_OBJC_LITERAL_CONVERSION = YES;
				CLANG_WARN_OBJC_ROOT_CLASS = YES_ERROR;
				CLANG_WARN_QUOTED_INCLUDE_IN_FRAMEWORK_HEADER = YES;
				CLANG_WARN_RANGE_LOOP_ANALYSIS = YES;
				CLANG_WARN_STRICT_PROTOTYPES = YES;
				CLANG_WARN_SUSPICIOUS_MOVE = YES;
				CLANG_WARN_UNGUARDED_AVAILABILITY = YES_AGGRESSIVE;
				CLANG_WARN_UNREACHABLE_CODE = YES;
				CLANG_WARN__DUPLICATE_METHOD_MATCH = YES;
				COPY_PHASE_STRIP = NO;
				DEBUG_INFORMATION_FORMAT = dwarf;
				ENABLE_STRICT_OBJC_MSGSEND = YES;
				ENABLE_TESTABILITY = YES;
				GCC_C_LANGUAGE_STANDARD = gnu11;
				GCC_DYNAMIC_NO_PIC = NO;
				GCC_NO_COMMON_BLOCKS = YES;
				GCC_OPTIMIZATION_LEVEL = 0;
				GCC_PREPROCESSOR_DEFINITIONS = (
					"DEBUG=1",
					"$(inherited)",
				);
				GCC_WARN_64_TO_32_BIT_CONVERSION = YES;
				GCC_WARN_ABOUT_RETURN_TYPE = YES_ERROR;
				GCC_WARN_UNDECLARED_SELECTOR = YES;
				GCC_WARN_UNINITIALIZED_AUTOS = YES_AGGRESSIVE;
				GCC_WARN_UNUSED_FUNCTION = YES;
				GCC_WARN_UNUSED_VARIABLE = YES;
				IPHONEOS_DEPLOYMENT_TARGET = 16.4;
				MTL_ENABLE_DEBUG_INFO = INCLUDE_SOURCE;
				MTL_FAST_MATH = YES;
				ONLY_ACTIVE_ARCH = YES;
				SDKROOT = iphoneos;
				SWIFT_ACTIVE_COMPILATION_CONDITIONS = DEBUG;
				SWIFT_OPTIMIZATION_LEVEL = "-Onone";
			};
			name = Debug;
		};
		B879985B2A5BACBF00167597 /* Release */ = {
			isa = XCBuildConfiguration;
			buildSettings = {
				ALWAYS_SEARCH_USER_PATHS = NO;
				CLANG_ANALYZER_NONNULL = YES;
				CLANG_ANALYZER_NUMBER_OBJECT_CONVERSION = YES_AGGRESSIVE;
				CLANG_CXX_LANGUAGE_STANDARD = "gnu++20";
				CLANG_ENABLE_MODULES = YES;
				CLANG_ENABLE_OBJC_ARC = YES;
				CLANG_ENABLE_OBJC_WEAK = YES;
				CLANG_WARN_BLOCK_CAPTURE_AUTORELEASING = YES;
				CLANG_WARN_BOOL_CONVERSION = YES;
				CLANG_WARN_COMMA = YES;
				CLANG_WARN_CONSTANT_CONVERSION = YES;
				CLANG_WARN_DEPRECATED_OBJC_IMPLEMENTATIONS = YES;
				CLANG_WARN_DIRECT_OBJC_ISA_USAGE = YES_ERROR;
				CLANG_WARN_DOCUMENTATION_COMMENTS = YES;
				CLANG_WARN_EMPTY_BODY = YES;
				CLANG_WARN_ENUM_CONVERSION = YES;
				CLANG_WARN_INFINITE_RECURSION = YES;
				CLANG_WARN_INT_CONVERSION = YES;
				CLANG_WARN_NON_LITERAL_NULL_CONVERSION = YES;
				CLANG_WARN_OBJC_IMPLICIT_RETAIN_SELF = YES;
				CLANG_WARN_OBJC_LITERAL_CONVERSION = YES;
				CLANG_WARN_OBJC_ROOT_CLASS = YES_ERROR;
				CLANG_WARN_QUOTED_INCLUDE_IN_FRAMEWORK_HEADER = YES;
				CLANG_WARN_RANGE_LOOP_ANALYSIS = YES;
				CLANG_WARN_STRICT_PROTOTYPES = YES;
				CLANG_WARN_SUSPICIOUS_MOVE = YES;
				CLANG_WARN_UNGUARDED_AVAILABILITY = YES_AGGRESSIVE;
				CLANG_WARN_UNREACHABLE_CODE = YES;
				CLANG_WARN__DUPLICATE_METHOD_MATCH = YES;
				COPY_PHASE_STRIP = NO;
				DEBUG_INFORMATION_FORMAT = "dwarf-with-dsym";
				ENABLE_NS_ASSERTIONS = NO;
				ENABLE_STRICT_OBJC_MSGSEND = YES;
				GCC_C_LANGUAGE_STANDARD = gnu11;
				GCC_NO_COMMON_BLOCKS = YES;
				GCC_WARN_64_TO_32_BIT_CONVERSION = YES;
				GCC_WARN_ABOUT_RETURN_TYPE = YES_ERROR;
				GCC_WARN_UNDECLARED_SELECTOR = YES;
				GCC_WARN_UNINITIALIZED_AUTOS = YES_AGGRESSIVE;
				GCC_WARN_UNUSED_FUNCTION = YES;
				GCC_WARN_UNUSED_VARIABLE = YES;
				IPHONEOS_DEPLOYMENT_TARGET = 16.4;
				MTL_ENABLE_DEBUG_INFO = NO;
				MTL_FAST_MATH = YES;
				SDKROOT = iphoneos;
				SWIFT_COMPILATION_MODE = wholemodule;
				SWIFT_OPTIMIZATION_LEVEL = "-O";
				VALIDATE_PRODUCT = YES;
			};
			name = Release;
		};
		B879985D2A5BACBF00167597 /* Debug */ = {
			isa = XCBuildConfiguration;
			buildSettings = {
				ASSETCATALOG_COMPILER_APPICON_NAME = AppIcon;
				ASSETCATALOG_COMPILER_GLOBAL_ACCENT_COLOR_NAME = AccentColor;
				CODE_SIGN_STYLE = Automatic;
				CURRENT_PROJECT_VERSION = 1;
				DEVELOPMENT_ASSET_PATHS = "\"QAQA/Preview Content\"";
				DEVELOPMENT_TEAM = 895F7JFK48;
				ENABLE_PREVIEWS = YES;
				GENERATE_INFOPLIST_FILE = YES;
				INFOPLIST_KEY_UIApplicationSceneManifest_Generation = YES;
				INFOPLIST_KEY_UIApplicationSupportsIndirectInputEvents = YES;
				INFOPLIST_KEY_UILaunchScreen_Generation = YES;
				INFOPLIST_KEY_UISupportedInterfaceOrientations_iPad = "UIInterfaceOrientationPortrait UIInterfaceOrientationPortraitUpsideDown UIInterfaceOrientationLandscapeLeft UIInterfaceOrientationLandscapeRight";
				INFOPLIST_KEY_UISupportedInterfaceOrientations_iPhone = "UIInterfaceOrientationPortrait UIInterfaceOrientationLandscapeLeft UIInterfaceOrientationLandscapeRight";
				LD_RUNPATH_SEARCH_PATHS = (
					"$(inherited)",
					"@executable_path/Frameworks",
				);
				MARKETING_VERSION = 1.0;
				PRODUCT_BUNDLE_IDENTIFIER = com.epark.QAQA;
				PRODUCT_NAME = "$(TARGET_NAME)";
				SWIFT_EMIT_LOC_STRINGS = YES;
				SWIFT_VERSION = 5.0;
				TARGETED_DEVICE_FAMILY = "1,2";
			};
			name = Debug;
		};
		B879985E2A5BACBF00167597 /* Release */ = {
			isa = XCBuildConfiguration;
			buildSettings = {
				ASSETCATALOG_COMPILER_APPICON_NAME = AppIcon;
				ASSETCATALOG_COMPILER_GLOBAL_ACCENT_COLOR_NAME = AccentColor;
				CODE_SIGN_STYLE = Automatic;
				CURRENT_PROJECT_VERSION = 1;
				DEVELOPMENT_ASSET_PATHS = "\"QAQA/Preview Content\"";
				DEVELOPMENT_TEAM = 895F7JFK48;
				ENABLE_PREVIEWS = YES;
				GENERATE_INFOPLIST_FILE = YES;
				INFOPLIST_KEY_UIApplicationSceneManifest_Generation = YES;
				INFOPLIST_KEY_UIApplicationSupportsIndirectInputEvents = YES;
				INFOPLIST_KEY_UILaunchScreen_Generation = YES;
				INFOPLIST_KEY_UISupportedInterfaceOrientations_iPad = "UIInterfaceOrientationPortrait UIInterfaceOrientationPortraitUpsideDown UIInterfaceOrientationLandscapeLeft UIInterfaceOrientationLandscapeRight";
				INFOPLIST_KEY_UISupportedInterfaceOrientations_iPhone = "UIInterfaceOrientationPortrait UIInterfaceOrientationLandscapeLeft UIInterfaceOrientationLandscapeRight";
				LD_RUNPATH_SEARCH_PATHS = (
					"$(inherited)",
					"@executable_path/Frameworks",
				);
				MARKETING_VERSION = 1.0;
				PRODUCT_BUNDLE_IDENTIFIER = com.epark.QAQA;
				PRODUCT_NAME = "$(TARGET_NAME)";
				SWIFT_EMIT_LOC_STRINGS = YES;
				SWIFT_VERSION = 5.0;
				TARGETED_DEVICE_FAMILY = "1,2";
			};
			name = Release;
		};
/* End XCBuildConfiguration section */

/* Begin XCConfigurationList section */
		B87998492A5BACBE00167597 /* Build configuration list for PBXProject "QAQA" */ = {
			isa = XCConfigurationList;
			buildConfigurations = (
				B879985A2A5BACBF00167597 /* Debug */,
				B879985B2A5BACBF00167597 /* Release */,
			);
			defaultConfigurationIsVisible = 0;
			defaultConfigurationName = Release;
		};
		B879985C2A5BACBF00167597 /* Build configuration list for PBXNativeTarget "QAQA" */ = {
			isa = XCConfigurationList;
			buildConfigurations = (
				B879985D2A5BACBF00167597 /* Debug */,
				B879985E2A5BACBF00167597 /* Release */,
			);
			defaultConfigurationIsVisible = 0;
			defaultConfigurationName = Release;
		};
/* End XCConfigurationList section */
	};
	rootObject = B87998462A5BACBE00167597 /* Project object */;
}
